// !$*UTF8*$!
{
	archiveVersion = 1;
	classes = {
	};
	objectVersion = 46;
	objects = {

/* Begin PBXBuildFile section */
		5BF812B919E44EC600E87F83 /* main.m in Sources */ = {isa = PBXBuildFile; fileRef = 5BF812B819E44EC600E87F83 /* main.m */; };
		5BF812BC19E44EC600E87F83 /* AppDelegate.m in Sources */ = {isa = PBXBuildFile; fileRef = 5BF812BB19E44EC600E87F83 /* AppDelegate.m */; };
		5BF812BF19E44EC600E87F83 /* ViewController.m in Sources */ = {isa = PBXBuildFile; fileRef = 5BF812BE19E44EC600E87F83 /* ViewController.m */; };
		5BF812C219E44EC600E87F83 /* Main.storyboard in Resources */ = {isa = PBXBuildFile; fileRef = 5BF812C019E44EC600E87F83 /* Main.storyboard */; };
		5BF812C419E44EC600E87F83 /* Images.xcassets in Resources */ = {isa = PBXBuildFile; fileRef = 5BF812C319E44EC600E87F83 /* Images.xcassets */; };
		5BF812D319E44EC600E87F83 /* PayDemoTests.m in Sources */ = {isa = PBXBuildFile; fileRef = 5BF812D219E44EC600E87F83 /* PayDemoTests.m */; };
		765B614A1B7B7C7D006401D9 /* STPAPIClient+ApplePay.m in Sources */ = {isa = PBXBuildFile; fileRef = 765B61101B7B7C7D006401D9 /* STPAPIClient+ApplePay.m */; };
		765B614B1B7B7C7D006401D9 /* Stripe+ApplePay.m in Sources */ = {isa = PBXBuildFile; fileRef = 765B61111B7B7C7D006401D9 /* Stripe+ApplePay.m */; };
		765B614C1B7B7C7D006401D9 /* Project-Debug.xcconfig in Resources */ = {isa = PBXBuildFile; fileRef = 765B61131B7B7C7D006401D9 /* Project-Debug.xcconfig */; };
		765B614D1B7B7C7D006401D9 /* Project-Release.xcconfig in Resources */ = {isa = PBXBuildFile; fileRef = 765B61141B7B7C7D006401D9 /* Project-Release.xcconfig */; };
		765B614E1B7B7C7D006401D9 /* Project-Shared.xcconfig in Resources */ = {isa = PBXBuildFile; fileRef = 765B61151B7B7C7D006401D9 /* Project-Shared.xcconfig */; };
		765B614F1B7B7C7D006401D9 /* StripeiOS Tests-Debug.xcconfig in Resources */ = {isa = PBXBuildFile; fileRef = 765B61161B7B7C7D006401D9 /* StripeiOS Tests-Debug.xcconfig */; };
		765B61501B7B7C7D006401D9 /* StripeiOS Tests-Release.xcconfig in Resources */ = {isa = PBXBuildFile; fileRef = 765B61171B7B7C7D006401D9 /* StripeiOS Tests-Release.xcconfig */; };
		765B61511B7B7C7D006401D9 /* StripeiOS Tests-Shared.xcconfig in Resources */ = {isa = PBXBuildFile; fileRef = 765B61181B7B7C7D006401D9 /* StripeiOS Tests-Shared.xcconfig */; };
		765B61521B7B7C7D006401D9 /* StripeiOS-Debug.xcconfig in Resources */ = {isa = PBXBuildFile; fileRef = 765B61191B7B7C7D006401D9 /* StripeiOS-Debug.xcconfig */; };
		765B61531B7B7C7D006401D9 /* StripeiOS-Release.xcconfig in Resources */ = {isa = PBXBuildFile; fileRef = 765B611A1B7B7C7D006401D9 /* StripeiOS-Release.xcconfig */; };
		765B61541B7B7C7D006401D9 /* StripeiOS-Shared.xcconfig in Resources */ = {isa = PBXBuildFile; fileRef = 765B611B1B7B7C7D006401D9 /* StripeiOS-Shared.xcconfig */; };
		765B61551B7B7C7D006401D9 /* StripeiOSStatic.xcconfig in Resources */ = {isa = PBXBuildFile; fileRef = 765B611C1B7B7C7D006401D9 /* StripeiOSStatic.xcconfig */; };
		765B61561B7B7C7D006401D9 /* StripeiOSStaticFramework.xcconfig in Resources */ = {isa = PBXBuildFile; fileRef = 765B611D1B7B7C7D006401D9 /* StripeiOSStaticFramework.xcconfig */; };
		765B61571B7B7C7D006401D9 /* StripeOSX-Debug.xcconfig in Resources */ = {isa = PBXBuildFile; fileRef = 765B611E1B7B7C7D006401D9 /* StripeOSX-Debug.xcconfig */; };
		765B61581B7B7C7D006401D9 /* StripeOSX-Release.xcconfig in Resources */ = {isa = PBXBuildFile; fileRef = 765B611F1B7B7C7D006401D9 /* StripeOSX-Release.xcconfig */; };
		765B61591B7B7C7D006401D9 /* StripeOSX-Shared.xcconfig in Resources */ = {isa = PBXBuildFile; fileRef = 765B61201B7B7C7D006401D9 /* StripeOSX-Shared.xcconfig */; };
		765B615A1B7B7C7D006401D9 /* StripeOSXTests-Debug.xcconfig in Resources */ = {isa = PBXBuildFile; fileRef = 765B61211B7B7C7D006401D9 /* StripeOSXTests-Debug.xcconfig */; };
		765B615B1B7B7C7D006401D9 /* StripeOSXTests-Release.xcconfig in Resources */ = {isa = PBXBuildFile; fileRef = 765B61221B7B7C7D006401D9 /* StripeOSXTests-Release.xcconfig */; };
		765B615C1B7B7C7D006401D9 /* StripeOSXTests-Shared.xcconfig in Resources */ = {isa = PBXBuildFile; fileRef = 765B61231B7B7C7D006401D9 /* StripeOSXTests-Shared.xcconfig */; };
		765B615D1B7B7C7D006401D9 /* STPCheckoutInternalUIWebViewController.m in Sources */ = {isa = PBXBuildFile; fileRef = 765B61271B7B7C7D006401D9 /* STPCheckoutInternalUIWebViewController.m */; };
		765B615E1B7B7C7D006401D9 /* STPCheckoutOptions.m in Sources */ = {isa = PBXBuildFile; fileRef = 765B61281B7B7C7D006401D9 /* STPCheckoutOptions.m */; };
		765B615F1B7B7C7D006401D9 /* STPCheckoutViewController.m in Sources */ = {isa = PBXBuildFile; fileRef = 765B61291B7B7C7D006401D9 /* STPCheckoutViewController.m */; };
		765B61601B7B7C7D006401D9 /* STPColorUtils.m in Sources */ = {isa = PBXBuildFile; fileRef = 765B612C1B7B7C7D006401D9 /* STPColorUtils.m */; };
		765B61611B7B7C7D006401D9 /* STPIOSCheckoutWebViewAdapter.m in Sources */ = {isa = PBXBuildFile; fileRef = 765B612E1B7B7C7D006401D9 /* STPIOSCheckoutWebViewAdapter.m */; };
		765B61621B7B7C7D006401D9 /* STPOSXCheckoutWebViewAdapter.m in Sources */ = {isa = PBXBuildFile; fileRef = 765B61301B7B7C7D006401D9 /* STPOSXCheckoutWebViewAdapter.m */; };
		765B61631B7B7C7D006401D9 /* STPStrictURLProtocol.m in Sources */ = {isa = PBXBuildFile; fileRef = 765B61321B7B7C7D006401D9 /* STPStrictURLProtocol.m */; };
		765B61641B7B7C7D006401D9 /* Info.plist in Resources */ = {isa = PBXBuildFile; fileRef = 765B61331B7B7C7D006401D9 /* Info.plist */; };
		765B61651B7B7C7D006401D9 /* STPAPIClient.m in Sources */ = {isa = PBXBuildFile; fileRef = 765B61411B7B7C7D006401D9 /* STPAPIClient.m */; };
		765B61661B7B7C7D006401D9 /* STPAPIConnection.m in Sources */ = {isa = PBXBuildFile; fileRef = 765B61431B7B7C7D006401D9 /* STPAPIConnection.m */; };
		765B61671B7B7C7D006401D9 /* STPBankAccount.m in Sources */ = {isa = PBXBuildFile; fileRef = 765B61441B7B7C7D006401D9 /* STPBankAccount.m */; };
		765B61681B7B7C7D006401D9 /* STPCard.m in Sources */ = {isa = PBXBuildFile; fileRef = 765B61451B7B7C7D006401D9 /* STPCard.m */; };
		765B61691B7B7C7D006401D9 /* STPFormEncoder.m in Sources */ = {isa = PBXBuildFile; fileRef = 765B61471B7B7C7D006401D9 /* STPFormEncoder.m */; };
		765B616A1B7B7C7D006401D9 /* STPToken.m in Sources */ = {isa = PBXBuildFile; fileRef = 765B61481B7B7C7D006401D9 /* STPToken.m */; };
		765B616B1B7B7C7D006401D9 /* StripeError.m in Sources */ = {isa = PBXBuildFile; fileRef = 765B61491B7B7C7D006401D9 /* StripeError.m */; };
		76A594671B7DC1020066EC75 /* AFHTTPRequestOperation.m in Sources */ = {isa = PBXBuildFile; fileRef = 76A594551B7DC1020066EC75 /* AFHTTPRequestOperation.m */; };
		76A594681B7DC1020066EC75 /* AFHTTPRequestOperationManager.m in Sources */ = {isa = PBXBuildFile; fileRef = 76A594571B7DC1020066EC75 /* AFHTTPRequestOperationManager.m */; };
		76A594691B7DC1020066EC75 /* AFHTTPSessionManager.m in Sources */ = {isa = PBXBuildFile; fileRef = 76A594591B7DC1020066EC75 /* AFHTTPSessionManager.m */; };
		76A5946A1B7DC1020066EC75 /* AFNetworkReachabilityManager.m in Sources */ = {isa = PBXBuildFile; fileRef = 76A5945C1B7DC1020066EC75 /* AFNetworkReachabilityManager.m */; };
		76A5946B1B7DC1020066EC75 /* AFSecurityPolicy.m in Sources */ = {isa = PBXBuildFile; fileRef = 76A5945E1B7DC1020066EC75 /* AFSecurityPolicy.m */; };
		76A5946C1B7DC1020066EC75 /* AFURLConnectionOperation.m in Sources */ = {isa = PBXBuildFile; fileRef = 76A594601B7DC1020066EC75 /* AFURLConnectionOperation.m */; };
		76A5946D1B7DC1020066EC75 /* AFURLRequestSerialization.m in Sources */ = {isa = PBXBuildFile; fileRef = 76A594621B7DC1020066EC75 /* AFURLRequestSerialization.m */; };
		76A5946E1B7DC1020066EC75 /* AFURLResponseSerialization.m in Sources */ = {isa = PBXBuildFile; fileRef = 76A594641B7DC1020066EC75 /* AFURLResponseSerialization.m */; };
		76A5946F1B7DC1020066EC75 /* AFURLSessionManager.m in Sources */ = {isa = PBXBuildFile; fileRef = 76A594661B7DC1020066EC75 /* AFURLSessionManager.m */; };
/* End PBXBuildFile section */

/* Begin PBXContainerItemProxy section */
		5BF812CD19E44EC600E87F83 /* PBXContainerItemProxy */ = {
			isa = PBXContainerItemProxy;
			containerPortal = 5BF812AB19E44EC600E87F83 /* Project object */;
			proxyType = 1;
			remoteGlobalIDString = 5BF812B219E44EC600E87F83;
			remoteInfo = PayDemo;
		};
/* End PBXContainerItemProxy section */

/* Begin PBXFileReference section */
		5BF812B319E44EC600E87F83 /* ZoneTickets.app */ = {isa = PBXFileReference; explicitFileType = wrapper.application; includeInIndex = 0; path = ZoneTickets.app; sourceTree = BUILT_PRODUCTS_DIR; };
		5BF812B719E44EC600E87F83 /* Info.plist */ = {isa = PBXFileReference; lastKnownFileType = text.plist.xml; path = Info.plist; sourceTree = "<group>"; };
		5BF812B819E44EC600E87F83 /* main.m */ = {isa = PBXFileReference; lastKnownFileType = sourcecode.c.objc; path = main.m; sourceTree = "<group>"; };
		5BF812BA19E44EC600E87F83 /* AppDelegate.h */ = {isa = PBXFileReference; lastKnownFileType = sourcecode.c.h; path = AppDelegate.h; sourceTree = "<group>"; };
		5BF812BB19E44EC600E87F83 /* AppDelegate.m */ = {isa = PBXFileReference; lastKnownFileType = sourcecode.c.objc; path = AppDelegate.m; sourceTree = "<group>"; };
		5BF812BD19E44EC600E87F83 /* ViewController.h */ = {isa = PBXFileReference; lastKnownFileType = sourcecode.c.h; path = ViewController.h; sourceTree = "<group>"; };
		5BF812BE19E44EC600E87F83 /* ViewController.m */ = {isa = PBXFileReference; lastKnownFileType = sourcecode.c.objc; path = ViewController.m; sourceTree = "<group>"; };
		5BF812C119E44EC600E87F83 /* Base */ = {isa = PBXFileReference; lastKnownFileType = file.storyboard; name = Base; path = Base.lproj/Main.storyboard; sourceTree = "<group>"; };
		5BF812C319E44EC600E87F83 /* Images.xcassets */ = {isa = PBXFileReference; lastKnownFileType = folder.assetcatalog; path = Images.xcassets; sourceTree = "<group>"; };
		5BF812CC19E44EC600E87F83 /* PayDemoTests.xctest */ = {isa = PBXFileReference; explicitFileType = wrapper.cfbundle; includeInIndex = 0; path = PayDemoTests.xctest; sourceTree = BUILT_PRODUCTS_DIR; };
		5BF812D119E44EC600E87F83 /* Info.plist */ = {isa = PBXFileReference; lastKnownFileType = text.plist.xml; path = Info.plist; sourceTree = "<group>"; };
		5BF812D219E44EC600E87F83 /* PayDemoTests.m */ = {isa = PBXFileReference; lastKnownFileType = sourcecode.c.objc; path = PayDemoTests.m; sourceTree = "<group>"; };
		765B610D1B7B7BA0006401D9 /* ZoneTickets.entitlements */ = {isa = PBXFileReference; lastKnownFileType = text.xml; path = ZoneTickets.entitlements; sourceTree = "<group>"; };
		765B61101B7B7C7D006401D9 /* STPAPIClient+ApplePay.m */ = {isa = PBXFileReference; fileEncoding = 4; lastKnownFileType = sourcecode.c.objc; path = "STPAPIClient+ApplePay.m"; sourceTree = "<group>"; };
		765B61111B7B7C7D006401D9 /* Stripe+ApplePay.m */ = {isa = PBXFileReference; fileEncoding = 4; lastKnownFileType = sourcecode.c.objc; path = "Stripe+ApplePay.m"; sourceTree = "<group>"; };
		765B61131B7B7C7D006401D9 /* Project-Debug.xcconfig */ = {isa = PBXFileReference; fileEncoding = 4; lastKnownFileType = text.xcconfig; path = "Project-Debug.xcconfig"; sourceTree = "<group>"; };
		765B61141B7B7C7D006401D9 /* Project-Release.xcconfig */ = {isa = PBXFileReference; fileEncoding = 4; lastKnownFileType = text.xcconfig; path = "Project-Release.xcconfig"; sourceTree = "<group>"; };
		765B61151B7B7C7D006401D9 /* Project-Shared.xcconfig */ = {isa = PBXFileReference; fileEncoding = 4; lastKnownFileType = text.xcconfig; path = "Project-Shared.xcconfig"; sourceTree = "<group>"; };
		765B61161B7B7C7D006401D9 /* StripeiOS Tests-Debug.xcconfig */ = {isa = PBXFileReference; fileEncoding = 4; lastKnownFileType = text.xcconfig; path = "StripeiOS Tests-Debug.xcconfig"; sourceTree = "<group>"; };
		765B61171B7B7C7D006401D9 /* StripeiOS Tests-Release.xcconfig */ = {isa = PBXFileReference; fileEncoding = 4; lastKnownFileType = text.xcconfig; path = "StripeiOS Tests-Release.xcconfig"; sourceTree = "<group>"; };
		765B61181B7B7C7D006401D9 /* StripeiOS Tests-Shared.xcconfig */ = {isa = PBXFileReference; fileEncoding = 4; lastKnownFileType = text.xcconfig; path = "StripeiOS Tests-Shared.xcconfig"; sourceTree = "<group>"; };
		765B61191B7B7C7D006401D9 /* StripeiOS-Debug.xcconfig */ = {isa = PBXFileReference; fileEncoding = 4; lastKnownFileType = text.xcconfig; path = "StripeiOS-Debug.xcconfig"; sourceTree = "<group>"; };
		765B611A1B7B7C7D006401D9 /* StripeiOS-Release.xcconfig */ = {isa = PBXFileReference; fileEncoding = 4; lastKnownFileType = text.xcconfig; path = "StripeiOS-Release.xcconfig"; sourceTree = "<group>"; };
		765B611B1B7B7C7D006401D9 /* StripeiOS-Shared.xcconfig */ = {isa = PBXFileReference; fileEncoding = 4; lastKnownFileType = text.xcconfig; path = "StripeiOS-Shared.xcconfig"; sourceTree = "<group>"; };
		765B611C1B7B7C7D006401D9 /* StripeiOSStatic.xcconfig */ = {isa = PBXFileReference; fileEncoding = 4; lastKnownFileType = text.xcconfig; path = StripeiOSStatic.xcconfig; sourceTree = "<group>"; };
		765B611D1B7B7C7D006401D9 /* StripeiOSStaticFramework.xcconfig */ = {isa = PBXFileReference; fileEncoding = 4; lastKnownFileType = text.xcconfig; path = StripeiOSStaticFramework.xcconfig; sourceTree = "<group>"; };
		765B611E1B7B7C7D006401D9 /* StripeOSX-Debug.xcconfig */ = {isa = PBXFileReference; fileEncoding = 4; lastKnownFileType = text.xcconfig; path = "StripeOSX-Debug.xcconfig"; sourceTree = "<group>"; };
		765B611F1B7B7C7D006401D9 /* StripeOSX-Release.xcconfig */ = {isa = PBXFileReference; fileEncoding = 4; lastKnownFileType = text.xcconfig; path = "StripeOSX-Release.xcconfig"; sourceTree = "<group>"; };
		765B61201B7B7C7D006401D9 /* StripeOSX-Shared.xcconfig */ = {isa = PBXFileReference; fileEncoding = 4; lastKnownFileType = text.xcconfig; path = "StripeOSX-Shared.xcconfig"; sourceTree = "<group>"; };
		765B61211B7B7C7D006401D9 /* StripeOSXTests-Debug.xcconfig */ = {isa = PBXFileReference; fileEncoding = 4; lastKnownFileType = text.xcconfig; path = "StripeOSXTests-Debug.xcconfig"; sourceTree = "<group>"; };
		765B61221B7B7C7D006401D9 /* StripeOSXTests-Release.xcconfig */ = {isa = PBXFileReference; fileEncoding = 4; lastKnownFileType = text.xcconfig; path = "StripeOSXTests-Release.xcconfig"; sourceTree = "<group>"; };
		765B61231B7B7C7D006401D9 /* StripeOSXTests-Shared.xcconfig */ = {isa = PBXFileReference; fileEncoding = 4; lastKnownFileType = text.xcconfig; path = "StripeOSXTests-Shared.xcconfig"; sourceTree = "<group>"; };
		765B61251B7B7C7D006401D9 /* STPCheckoutDelegate.h */ = {isa = PBXFileReference; fileEncoding = 4; lastKnownFileType = sourcecode.c.h; path = STPCheckoutDelegate.h; sourceTree = "<group>"; };
		765B61261B7B7C7D006401D9 /* STPCheckoutInternalUIWebViewController.h */ = {isa = PBXFileReference; fileEncoding = 4; lastKnownFileType = sourcecode.c.h; path = STPCheckoutInternalUIWebViewController.h; sourceTree = "<group>"; };
		765B61271B7B7C7D006401D9 /* STPCheckoutInternalUIWebViewController.m */ = {isa = PBXFileReference; fileEncoding = 4; lastKnownFileType = sourcecode.c.objc; path = STPCheckoutInternalUIWebViewController.m; sourceTree = "<group>"; };
		765B61281B7B7C7D006401D9 /* STPCheckoutOptions.m */ = {isa = PBXFileReference; fileEncoding = 4; lastKnownFileType = sourcecode.c.objc; path = STPCheckoutOptions.m; sourceTree = "<group>"; };
		765B61291B7B7C7D006401D9 /* STPCheckoutViewController.m */ = {isa = PBXFileReference; fileEncoding = 4; lastKnownFileType = sourcecode.c.objc; path = STPCheckoutViewController.m; sourceTree = "<group>"; };
		765B612A1B7B7C7D006401D9 /* STPCheckoutWebViewAdapter.h */ = {isa = PBXFileReference; fileEncoding = 4; lastKnownFileType = sourcecode.c.h; path = STPCheckoutWebViewAdapter.h; sourceTree = "<group>"; };
		765B612B1B7B7C7D006401D9 /* STPColorUtils.h */ = {isa = PBXFileReference; fileEncoding = 4; lastKnownFileType = sourcecode.c.h; path = STPColorUtils.h; sourceTree = "<group>"; };
		765B612C1B7B7C7D006401D9 /* STPColorUtils.m */ = {isa = PBXFileReference; fileEncoding = 4; lastKnownFileType = sourcecode.c.objc; path = STPColorUtils.m; sourceTree = "<group>"; };
		765B612D1B7B7C7D006401D9 /* STPIOSCheckoutWebViewAdapter.h */ = {isa = PBXFileReference; fileEncoding = 4; lastKnownFileType = sourcecode.c.h; path = STPIOSCheckoutWebViewAdapter.h; sourceTree = "<group>"; };
		765B612E1B7B7C7D006401D9 /* STPIOSCheckoutWebViewAdapter.m */ = {isa = PBXFileReference; fileEncoding = 4; lastKnownFileType = sourcecode.c.objc; path = STPIOSCheckoutWebViewAdapter.m; sourceTree = "<group>"; };
		765B612F1B7B7C7D006401D9 /* STPOSXCheckoutWebViewAdapter.h */ = {isa = PBXFileReference; fileEncoding = 4; lastKnownFileType = sourcecode.c.h; path = STPOSXCheckoutWebViewAdapter.h; sourceTree = "<group>"; };
		765B61301B7B7C7D006401D9 /* STPOSXCheckoutWebViewAdapter.m */ = {isa = PBXFileReference; fileEncoding = 4; lastKnownFileType = sourcecode.c.objc; path = STPOSXCheckoutWebViewAdapter.m; sourceTree = "<group>"; };
		765B61311B7B7C7D006401D9 /* STPStrictURLProtocol.h */ = {isa = PBXFileReference; fileEncoding = 4; lastKnownFileType = sourcecode.c.h; path = STPStrictURLProtocol.h; sourceTree = "<group>"; };
		765B61321B7B7C7D006401D9 /* STPStrictURLProtocol.m */ = {isa = PBXFileReference; fileEncoding = 4; lastKnownFileType = sourcecode.c.objc; path = STPStrictURLProtocol.m; sourceTree = "<group>"; };
		765B61331B7B7C7D006401D9 /* Info.plist */ = {isa = PBXFileReference; fileEncoding = 4; lastKnownFileType = text.plist.xml; path = Info.plist; sourceTree = "<group>"; };
		765B61361B7B7C7D006401D9 /* STPAPIClient+ApplePay.h */ = {isa = PBXFileReference; fileEncoding = 4; lastKnownFileType = sourcecode.c.h; path = "STPAPIClient+ApplePay.h"; sourceTree = "<group>"; };
		765B61371B7B7C7D006401D9 /* Stripe+ApplePay.h */ = {isa = PBXFileReference; fileEncoding = 4; lastKnownFileType = sourcecode.c.h; path = "Stripe+ApplePay.h"; sourceTree = "<group>"; };
		765B61391B7B7C7D006401D9 /* STPCheckoutOptions.h */ = {isa = PBXFileReference; fileEncoding = 4; lastKnownFileType = sourcecode.c.h; path = STPCheckoutOptions.h; sourceTree = "<group>"; };
		765B613A1B7B7C7D006401D9 /* STPCheckoutViewController.h */ = {isa = PBXFileReference; fileEncoding = 4; lastKnownFileType = sourcecode.c.h; path = STPCheckoutViewController.h; sourceTree = "<group>"; };
		765B613B1B7B7C7D006401D9 /* STPAPIClient.h */ = {isa = PBXFileReference; fileEncoding = 4; lastKnownFileType = sourcecode.c.h; path = STPAPIClient.h; sourceTree = "<group>"; };
		765B613C1B7B7C7D006401D9 /* STPBankAccount.h */ = {isa = PBXFileReference; fileEncoding = 4; lastKnownFileType = sourcecode.c.h; path = STPBankAccount.h; sourceTree = "<group>"; };
		765B613D1B7B7C7D006401D9 /* STPCard.h */ = {isa = PBXFileReference; fileEncoding = 4; lastKnownFileType = sourcecode.c.h; path = STPCard.h; sourceTree = "<group>"; };
		765B613E1B7B7C7D006401D9 /* STPToken.h */ = {isa = PBXFileReference; fileEncoding = 4; lastKnownFileType = sourcecode.c.h; path = STPToken.h; sourceTree = "<group>"; };
		765B613F1B7B7C7D006401D9 /* Stripe.h */ = {isa = PBXFileReference; fileEncoding = 4; lastKnownFileType = sourcecode.c.h; path = Stripe.h; sourceTree = "<group>"; };
		765B61401B7B7C7D006401D9 /* StripeError.h */ = {isa = PBXFileReference; fileEncoding = 4; lastKnownFileType = sourcecode.c.h; path = StripeError.h; sourceTree = "<group>"; };
		765B61411B7B7C7D006401D9 /* STPAPIClient.m */ = {isa = PBXFileReference; fileEncoding = 4; lastKnownFileType = sourcecode.c.objc; path = STPAPIClient.m; sourceTree = "<group>"; };
		765B61421B7B7C7D006401D9 /* STPAPIConnection.h */ = {isa = PBXFileReference; fileEncoding = 4; lastKnownFileType = sourcecode.c.h; path = STPAPIConnection.h; sourceTree = "<group>"; };
		765B61431B7B7C7D006401D9 /* STPAPIConnection.m */ = {isa = PBXFileReference; fileEncoding = 4; lastKnownFileType = sourcecode.c.objc; path = STPAPIConnection.m; sourceTree = "<group>"; };
		765B61441B7B7C7D006401D9 /* STPBankAccount.m */ = {isa = PBXFileReference; fileEncoding = 4; lastKnownFileType = sourcecode.c.objc; path = STPBankAccount.m; sourceTree = "<group>"; };
		765B61451B7B7C7D006401D9 /* STPCard.m */ = {isa = PBXFileReference; fileEncoding = 4; lastKnownFileType = sourcecode.c.objc; path = STPCard.m; sourceTree = "<group>"; };
		765B61461B7B7C7D006401D9 /* STPFormEncoder.h */ = {isa = PBXFileReference; fileEncoding = 4; lastKnownFileType = sourcecode.c.h; path = STPFormEncoder.h; sourceTree = "<group>"; };
		765B61471B7B7C7D006401D9 /* STPFormEncoder.m */ = {isa = PBXFileReference; fileEncoding = 4; lastKnownFileType = sourcecode.c.objc; path = STPFormEncoder.m; sourceTree = "<group>"; };
		765B61481B7B7C7D006401D9 /* STPToken.m */ = {isa = PBXFileReference; fileEncoding = 4; lastKnownFileType = sourcecode.c.objc; path = STPToken.m; sourceTree = "<group>"; };
		765B61491B7B7C7D006401D9 /* StripeError.m */ = {isa = PBXFileReference; fileEncoding = 4; lastKnownFileType = sourcecode.c.objc; path = StripeError.m; sourceTree = "<group>"; };
		76A594541B7DC1020066EC75 /* AFHTTPRequestOperation.h */ = {isa = PBXFileReference; fileEncoding = 4; lastKnownFileType = sourcecode.c.h; path = AFHTTPRequestOperation.h; sourceTree = "<group>"; };
		76A594551B7DC1020066EC75 /* AFHTTPRequestOperation.m */ = {isa = PBXFileReference; fileEncoding = 4; lastKnownFileType = sourcecode.c.objc; path = AFHTTPRequestOperation.m; sourceTree = "<group>"; };
		76A594561B7DC1020066EC75 /* AFHTTPRequestOperationManager.h */ = {isa = PBXFileReference; fileEncoding = 4; lastKnownFileType = sourcecode.c.h; path = AFHTTPRequestOperationManager.h; sourceTree = "<group>"; };
		76A594571B7DC1020066EC75 /* AFHTTPRequestOperationManager.m */ = {isa = PBXFileReference; fileEncoding = 4; lastKnownFileType = sourcecode.c.objc; path = AFHTTPRequestOperationManager.m; sourceTree = "<group>"; };
		76A594581B7DC1020066EC75 /* AFHTTPSessionManager.h */ = {isa = PBXFileReference; fileEncoding = 4; lastKnownFileType = sourcecode.c.h; path = AFHTTPSessionManager.h; sourceTree = "<group>"; };
		76A594591B7DC1020066EC75 /* AFHTTPSessionManager.m */ = {isa = PBXFileReference; fileEncoding = 4; lastKnownFileType = sourcecode.c.objc; path = AFHTTPSessionManager.m; sourceTree = "<group>"; };
		76A5945A1B7DC1020066EC75 /* AFNetworking.h */ = {isa = PBXFileReference; fileEncoding = 4; lastKnownFileType = sourcecode.c.h; path = AFNetworking.h; sourceTree = "<group>"; };
		76A5945B1B7DC1020066EC75 /* AFNetworkReachabilityManager.h */ = {isa = PBXFileReference; fileEncoding = 4; lastKnownFileType = sourcecode.c.h; path = AFNetworkReachabilityManager.h; sourceTree = "<group>"; };
		76A5945C1B7DC1020066EC75 /* AFNetworkReachabilityManager.m */ = {isa = PBXFileReference; fileEncoding = 4; lastKnownFileType = sourcecode.c.objc; path = AFNetworkReachabilityManager.m; sourceTree = "<group>"; };
		76A5945D1B7DC1020066EC75 /* AFSecurityPolicy.h */ = {isa = PBXFileReference; fileEncoding = 4; lastKnownFileType = sourcecode.c.h; path = AFSecurityPolicy.h; sourceTree = "<group>"; };
		76A5945E1B7DC1020066EC75 /* AFSecurityPolicy.m */ = {isa = PBXFileReference; fileEncoding = 4; lastKnownFileType = sourcecode.c.objc; path = AFSecurityPolicy.m; sourceTree = "<group>"; };
		76A5945F1B7DC1020066EC75 /* AFURLConnectionOperation.h */ = {isa = PBXFileReference; fileEncoding = 4; lastKnownFileType = sourcecode.c.h; path = AFURLConnectionOperation.h; sourceTree = "<group>"; };
		76A594601B7DC1020066EC75 /* AFURLConnectionOperation.m */ = {isa = PBXFileReference; fileEncoding = 4; lastKnownFileType = sourcecode.c.objc; path = AFURLConnectionOperation.m; sourceTree = "<group>"; };
		76A594611B7DC1020066EC75 /* AFURLRequestSerialization.h */ = {isa = PBXFileReference; fileEncoding = 4; lastKnownFileType = sourcecode.c.h; path = AFURLRequestSerialization.h; sourceTree = "<group>"; };
		76A594621B7DC1020066EC75 /* AFURLRequestSerialization.m */ = {isa = PBXFileReference; fileEncoding = 4; lastKnownFileType = sourcecode.c.objc; path = AFURLRequestSerialization.m; sourceTree = "<group>"; };
		76A594631B7DC1020066EC75 /* AFURLResponseSerialization.h */ = {isa = PBXFileReference; fileEncoding = 4; lastKnownFileType = sourcecode.c.h; path = AFURLResponseSerialization.h; sourceTree = "<group>"; };
		76A594641B7DC1020066EC75 /* AFURLResponseSerialization.m */ = {isa = PBXFileReference; fileEncoding = 4; lastKnownFileType = sourcecode.c.objc; path = AFURLResponseSerialization.m; sourceTree = "<group>"; };
		76A594651B7DC1020066EC75 /* AFURLSessionManager.h */ = {isa = PBXFileReference; fileEncoding = 4; lastKnownFileType = sourcecode.c.h; path = AFURLSessionManager.h; sourceTree = "<group>"; };
		76A594661B7DC1020066EC75 /* AFURLSessionManager.m */ = {isa = PBXFileReference; fileEncoding = 4; lastKnownFileType = sourcecode.c.objc; path = AFURLSessionManager.m; sourceTree = "<group>"; };
/* End PBXFileReference section */

/* Begin PBXFrameworksBuildPhase section */
		5BF812B019E44EC600E87F83 /* Frameworks */ = {
			isa = PBXFrameworksBuildPhase;
			buildActionMask = 2147483647;
			files = (
			);
			runOnlyForDeploymentPostprocessing = 0;
		};
		5BF812C919E44EC600E87F83 /* Frameworks */ = {
			isa = PBXFrameworksBuildPhase;
			buildActionMask = 2147483647;
			files = (
			);
			runOnlyForDeploymentPostprocessing = 0;
		};
/* End PBXFrameworksBuildPhase section */

/* Begin PBXGroup section */
		5BF812AA19E44EC600E87F83 = {
			isa = PBXGroup;
			children = (
				5BF812B519E44EC600E87F83 /* PayDemo */,
				5BF812CF19E44EC600E87F83 /* PayDemoTests */,
				5BF812B419E44EC600E87F83 /* Products */,
			);
			sourceTree = "<group>";
		};
		5BF812B419E44EC600E87F83 /* Products */ = {
			isa = PBXGroup;
			children = (
				5BF812B319E44EC600E87F83 /* ZoneTickets.app */,
				5BF812CC19E44EC600E87F83 /* PayDemoTests.xctest */,
			);
			name = Products;
			sourceTree = "<group>";
		};
		5BF812B519E44EC600E87F83 /* PayDemo */ = {
			isa = PBXGroup;
			children = (
				765B610D1B7B7BA0006401D9 /* ZoneTickets.entitlements */,
				765B610E1B7B7C7D006401D9 /* Stripe */,
				5BF812BA19E44EC600E87F83 /* AppDelegate.h */,
				5BF812BB19E44EC600E87F83 /* AppDelegate.m */,
				5BF812BD19E44EC600E87F83 /* ViewController.h */,
				5BF812BE19E44EC600E87F83 /* ViewController.m */,
				5BF812C019E44EC600E87F83 /* Main.storyboard */,
				5BF812C319E44EC600E87F83 /* Images.xcassets */,
				5BF812B619E44EC600E87F83 /* Supporting Files */,
			);
			path = PayDemo;
			sourceTree = "<group>";
		};
		5BF812B619E44EC600E87F83 /* Supporting Files */ = {
			isa = PBXGroup;
			children = (
				5BF812B719E44EC600E87F83 /* Info.plist */,
				5BF812B819E44EC600E87F83 /* main.m */,
			);
			name = "Supporting Files";
			sourceTree = "<group>";
		};
		5BF812CF19E44EC600E87F83 /* PayDemoTests */ = {
			isa = PBXGroup;
			children = (
				5BF812D219E44EC600E87F83 /* PayDemoTests.m */,
				5BF812D019E44EC600E87F83 /* Supporting Files */,
			);
			path = PayDemoTests;
			sourceTree = "<group>";
		};
		5BF812D019E44EC600E87F83 /* Supporting Files */ = {
			isa = PBXGroup;
			children = (
				5BF812D119E44EC600E87F83 /* Info.plist */,
			);
			name = "Supporting Files";
			sourceTree = "<group>";
		};
		765B610E1B7B7C7D006401D9 /* Stripe */ = {
			isa = PBXGroup;
			children = (
				76A594531B7DC1020066EC75 /* AFNetworking */,
				765B610F1B7B7C7D006401D9 /* ApplePay */,
				765B61121B7B7C7D006401D9 /* BuildConfigurations */,
				765B61241B7B7C7D006401D9 /* Checkout */,
				765B61331B7B7C7D006401D9 /* Info.plist */,
				765B61341B7B7C7D006401D9 /* PublicHeaders */,
				765B61411B7B7C7D006401D9 /* STPAPIClient.m */,
				765B61421B7B7C7D006401D9 /* STPAPIConnection.h */,
				765B61431B7B7C7D006401D9 /* STPAPIConnection.m */,
				765B61441B7B7C7D006401D9 /* STPBankAccount.m */,
				765B61451B7B7C7D006401D9 /* STPCard.m */,
				765B61461B7B7C7D006401D9 /* STPFormEncoder.h */,
				765B61471B7B7C7D006401D9 /* STPFormEncoder.m */,
				765B61481B7B7C7D006401D9 /* STPToken.m */,
				765B61491B7B7C7D006401D9 /* StripeError.m */,
			);
			path = Stripe;
			sourceTree = "<group>";
		};
		765B610F1B7B7C7D006401D9 /* ApplePay */ = {
			isa = PBXGroup;
			children = (
				765B61101B7B7C7D006401D9 /* STPAPIClient+ApplePay.m */,
				765B61111B7B7C7D006401D9 /* Stripe+ApplePay.m */,
			);
			path = ApplePay;
			sourceTree = "<group>";
		};
		765B61121B7B7C7D006401D9 /* BuildConfigurations */ = {
			isa = PBXGroup;
			children = (
				765B61131B7B7C7D006401D9 /* Project-Debug.xcconfig */,
				765B61141B7B7C7D006401D9 /* Project-Release.xcconfig */,
				765B61151B7B7C7D006401D9 /* Project-Shared.xcconfig */,
				765B61161B7B7C7D006401D9 /* StripeiOS Tests-Debug.xcconfig */,
				765B61171B7B7C7D006401D9 /* StripeiOS Tests-Release.xcconfig */,
				765B61181B7B7C7D006401D9 /* StripeiOS Tests-Shared.xcconfig */,
				765B61191B7B7C7D006401D9 /* StripeiOS-Debug.xcconfig */,
				765B611A1B7B7C7D006401D9 /* StripeiOS-Release.xcconfig */,
				765B611B1B7B7C7D006401D9 /* StripeiOS-Shared.xcconfig */,
				765B611C1B7B7C7D006401D9 /* StripeiOSStatic.xcconfig */,
				765B611D1B7B7C7D006401D9 /* StripeiOSStaticFramework.xcconfig */,
				765B611E1B7B7C7D006401D9 /* StripeOSX-Debug.xcconfig */,
				765B611F1B7B7C7D006401D9 /* StripeOSX-Release.xcconfig */,
				765B61201B7B7C7D006401D9 /* StripeOSX-Shared.xcconfig */,
				765B61211B7B7C7D006401D9 /* StripeOSXTests-Debug.xcconfig */,
				765B61221B7B7C7D006401D9 /* StripeOSXTests-Release.xcconfig */,
				765B61231B7B7C7D006401D9 /* StripeOSXTests-Shared.xcconfig */,
			);
			path = BuildConfigurations;
			sourceTree = "<group>";
		};
		765B61241B7B7C7D006401D9 /* Checkout */ = {
			isa = PBXGroup;
			children = (
				765B61251B7B7C7D006401D9 /* STPCheckoutDelegate.h */,
				765B61261B7B7C7D006401D9 /* STPCheckoutInternalUIWebViewController.h */,
				765B61271B7B7C7D006401D9 /* STPCheckoutInternalUIWebViewController.m */,
				765B61281B7B7C7D006401D9 /* STPCheckoutOptions.m */,
				765B61291B7B7C7D006401D9 /* STPCheckoutViewController.m */,
				765B612A1B7B7C7D006401D9 /* STPCheckoutWebViewAdapter.h */,
				765B612B1B7B7C7D006401D9 /* STPColorUtils.h */,
				765B612C1B7B7C7D006401D9 /* STPColorUtils.m */,
				765B612D1B7B7C7D006401D9 /* STPIOSCheckoutWebViewAdapter.h */,
				765B612E1B7B7C7D006401D9 /* STPIOSCheckoutWebViewAdapter.m */,
				765B612F1B7B7C7D006401D9 /* STPOSXCheckoutWebViewAdapter.h */,
				765B61301B7B7C7D006401D9 /* STPOSXCheckoutWebViewAdapter.m */,
				765B61311B7B7C7D006401D9 /* STPStrictURLProtocol.h */,
				765B61321B7B7C7D006401D9 /* STPStrictURLProtocol.m */,
			);
			path = Checkout;
			sourceTree = "<group>";
		};
		765B61341B7B7C7D006401D9 /* PublicHeaders */ = {
			isa = PBXGroup;
			children = (
				765B61351B7B7C7D006401D9 /* ApplePay */,
				765B61381B7B7C7D006401D9 /* Checkout */,
				765B613B1B7B7C7D006401D9 /* STPAPIClient.h */,
				765B613C1B7B7C7D006401D9 /* STPBankAccount.h */,
				765B613D1B7B7C7D006401D9 /* STPCard.h */,
				765B613E1B7B7C7D006401D9 /* STPToken.h */,
				765B613F1B7B7C7D006401D9 /* Stripe.h */,
				765B61401B7B7C7D006401D9 /* StripeError.h */,
			);
			path = PublicHeaders;
			sourceTree = "<group>";
		};
		765B61351B7B7C7D006401D9 /* ApplePay */ = {
			isa = PBXGroup;
			children = (
				765B61361B7B7C7D006401D9 /* STPAPIClient+ApplePay.h */,
				765B61371B7B7C7D006401D9 /* Stripe+ApplePay.h */,
			);
			path = ApplePay;
			sourceTree = "<group>";
		};
		765B61381B7B7C7D006401D9 /* Checkout */ = {
			isa = PBXGroup;
			children = (
				765B61391B7B7C7D006401D9 /* STPCheckoutOptions.h */,
				765B613A1B7B7C7D006401D9 /* STPCheckoutViewController.h */,
			);
			path = Checkout;
			sourceTree = "<group>";
		};
		76A594531B7DC1020066EC75 /* AFNetworking */ = {
			isa = PBXGroup;
			children = (
				76A594541B7DC1020066EC75 /* AFHTTPRequestOperation.h */,
				76A594551B7DC1020066EC75 /* AFHTTPRequestOperation.m */,
				76A594561B7DC1020066EC75 /* AFHTTPRequestOperationManager.h */,
				76A594571B7DC1020066EC75 /* AFHTTPRequestOperationManager.m */,
				76A594581B7DC1020066EC75 /* AFHTTPSessionManager.h */,
				76A594591B7DC1020066EC75 /* AFHTTPSessionManager.m */,
				76A5945A1B7DC1020066EC75 /* AFNetworking.h */,
				76A5945B1B7DC1020066EC75 /* AFNetworkReachabilityManager.h */,
				76A5945C1B7DC1020066EC75 /* AFNetworkReachabilityManager.m */,
				76A5945D1B7DC1020066EC75 /* AFSecurityPolicy.h */,
				76A5945E1B7DC1020066EC75 /* AFSecurityPolicy.m */,
				76A5945F1B7DC1020066EC75 /* AFURLConnectionOperation.h */,
				76A594601B7DC1020066EC75 /* AFURLConnectionOperation.m */,
				76A594611B7DC1020066EC75 /* AFURLRequestSerialization.h */,
				76A594621B7DC1020066EC75 /* AFURLRequestSerialization.m */,
				76A594631B7DC1020066EC75 /* AFURLResponseSerialization.h */,
				76A594641B7DC1020066EC75 /* AFURLResponseSerialization.m */,
				76A594651B7DC1020066EC75 /* AFURLSessionManager.h */,
				76A594661B7DC1020066EC75 /* AFURLSessionManager.m */,
			);
			path = AFNetworking;
			sourceTree = "<group>";
		};
/* End PBXGroup section */

/* Begin PBXNativeTarget section */
		5BF812B219E44EC600E87F83 /* PayDemo */ = {
			isa = PBXNativeTarget;
			buildConfigurationList = 5BF812D619E44EC600E87F83 /* Build configuration list for PBXNativeTarget "PayDemo" */;
			buildPhases = (
				5BF812AF19E44EC600E87F83 /* Sources */,
				5BF812B019E44EC600E87F83 /* Frameworks */,
				5BF812B119E44EC600E87F83 /* Resources */,
			);
			buildRules = (
			);
			dependencies = (
			);
			name = PayDemo;
			productName = PayDemo;
			productReference = 5BF812B319E44EC600E87F83 /* ZoneTickets.app */;
			productType = "com.apple.product-type.application";
		};
		5BF812CB19E44EC600E87F83 /* PayDemoTests */ = {
			isa = PBXNativeTarget;
			buildConfigurationList = 5BF812D919E44EC600E87F83 /* Build configuration list for PBXNativeTarget "PayDemoTests" */;
			buildPhases = (
				5BF812C819E44EC600E87F83 /* Sources */,
				5BF812C919E44EC600E87F83 /* Frameworks */,
				5BF812CA19E44EC600E87F83 /* Resources */,
			);
			buildRules = (
			);
			dependencies = (
				5BF812CE19E44EC600E87F83 /* PBXTargetDependency */,
			);
			name = PayDemoTests;
			productName = PayDemoTests;
			productReference = 5BF812CC19E44EC600E87F83 /* PayDemoTests.xctest */;
			productType = "com.apple.product-type.bundle.unit-test";
		};
/* End PBXNativeTarget section */

/* Begin PBXProject section */
		5BF812AB19E44EC600E87F83 /* Project object */ = {
			isa = PBXProject;
			attributes = {
				LastUpgradeCheck = 0600;
				ORGANIZATIONNAME = Crittercism;
				TargetAttributes = {
					5BF812B219E44EC600E87F83 = {
						CreatedOnToolsVersion = 6.0.1;
						DevelopmentTeam = 8KCEW5V754;
						SystemCapabilities = {
							com.apple.OMC = {
								enabled = 1;
							};
						};
					};
					5BF812CB19E44EC600E87F83 = {
						CreatedOnToolsVersion = 6.0.1;
						TestTargetID = 5BF812B219E44EC600E87F83;
					};
				};
			};
			buildConfigurationList = 5BF812AE19E44EC600E87F83 /* Build configuration list for PBXProject "PayDemo" */;
			compatibilityVersion = "Xcode 3.2";
			developmentRegion = English;
			hasScannedForEncodings = 0;
			knownRegions = (
				en,
				Base,
			);
			mainGroup = 5BF812AA19E44EC600E87F83;
			productRefGroup = 5BF812B419E44EC600E87F83 /* Products */;
			projectDirPath = "";
			projectRoot = "";
			targets = (
				5BF812B219E44EC600E87F83 /* PayDemo */,
				5BF812CB19E44EC600E87F83 /* PayDemoTests */,
			);
		};
/* End PBXProject section */

/* Begin PBXResourcesBuildPhase section */
		5BF812B119E44EC600E87F83 /* Resources */ = {
			isa = PBXResourcesBuildPhase;
			buildActionMask = 2147483647;
			files = (
				765B614C1B7B7C7D006401D9 /* Project-Debug.xcconfig in Resources */,
				765B615B1B7B7C7D006401D9 /* StripeOSXTests-Release.xcconfig in Resources */,
				765B614E1B7B7C7D006401D9 /* Project-Shared.xcconfig in Resources */,
				765B614D1B7B7C7D006401D9 /* Project-Release.xcconfig in Resources */,
				765B61591B7B7C7D006401D9 /* StripeOSX-Shared.xcconfig in Resources */,
				765B61531B7B7C7D006401D9 /* StripeiOS-Release.xcconfig in Resources */,
				765B61501B7B7C7D006401D9 /* StripeiOS Tests-Release.xcconfig in Resources */,
				765B61541B7B7C7D006401D9 /* StripeiOS-Shared.xcconfig in Resources */,
				765B61641B7B7C7D006401D9 /* Info.plist in Resources */,
				765B61561B7B7C7D006401D9 /* StripeiOSStaticFramework.xcconfig in Resources */,
				765B61571B7B7C7D006401D9 /* StripeOSX-Debug.xcconfig in Resources */,
				5BF812C219E44EC600E87F83 /* Main.storyboard in Resources */,
				765B615A1B7B7C7D006401D9 /* StripeOSXTests-Debug.xcconfig in Resources */,
				765B61511B7B7C7D006401D9 /* StripeiOS Tests-Shared.xcconfig in Resources */,
				765B61581B7B7C7D006401D9 /* StripeOSX-Release.xcconfig in Resources */,
				765B614F1B7B7C7D006401D9 /* StripeiOS Tests-Debug.xcconfig in Resources */,
				765B61551B7B7C7D006401D9 /* StripeiOSStatic.xcconfig in Resources */,
				765B61521B7B7C7D006401D9 /* StripeiOS-Debug.xcconfig in Resources */,
				5BF812C419E44EC600E87F83 /* Images.xcassets in Resources */,
				765B615C1B7B7C7D006401D9 /* StripeOSXTests-Shared.xcconfig in Resources */,
			);
			runOnlyForDeploymentPostprocessing = 0;
		};
		5BF812CA19E44EC600E87F83 /* Resources */ = {
			isa = PBXResourcesBuildPhase;
			buildActionMask = 2147483647;
			files = (
			);
			runOnlyForDeploymentPostprocessing = 0;
		};
/* End PBXResourcesBuildPhase section */

/* Begin PBXSourcesBuildPhase section */
		5BF812AF19E44EC600E87F83 /* Sources */ = {
			isa = PBXSourcesBuildPhase;
			buildActionMask = 2147483647;
			files = (
				5BF812BF19E44EC600E87F83 /* ViewController.m in Sources */,
				765B614A1B7B7C7D006401D9 /* STPAPIClient+ApplePay.m in Sources */,
				765B61691B7B7C7D006401D9 /* STPFormEncoder.m in Sources */,
				765B615F1B7B7C7D006401D9 /* STPCheckoutViewController.m in Sources */,
				76A5946C1B7DC1020066EC75 /* AFURLConnectionOperation.m in Sources */,
				76A5946B1B7DC1020066EC75 /* AFSecurityPolicy.m in Sources */,
				765B61661B7B7C7D006401D9 /* STPAPIConnection.m in Sources */,
				76A594691B7DC1020066EC75 /* AFHTTPSessionManager.m in Sources */,
				765B61651B7B7C7D006401D9 /* STPAPIClient.m in Sources */,
				765B614B1B7B7C7D006401D9 /* Stripe+ApplePay.m in Sources */,
				765B61681B7B7C7D006401D9 /* STPCard.m in Sources */,
				5BF812BC19E44EC600E87F83 /* AppDelegate.m in Sources */,
				765B61631B7B7C7D006401D9 /* STPStrictURLProtocol.m in Sources */,
				765B615D1B7B7C7D006401D9 /* STPCheckoutInternalUIWebViewController.m in Sources */,
				76A594681B7DC1020066EC75 /* AFHTTPRequestOperationManager.m in Sources */,
				765B61601B7B7C7D006401D9 /* STPColorUtils.m in Sources */,
				76A594671B7DC1020066EC75 /* AFHTTPRequestOperation.m in Sources */,
				76A5946F1B7DC1020066EC75 /* AFURLSessionManager.m in Sources */,
				765B61611B7B7C7D006401D9 /* STPIOSCheckoutWebViewAdapter.m in Sources */,
				76A5946A1B7DC1020066EC75 /* AFNetworkReachabilityManager.m in Sources */,
				76A5946E1B7DC1020066EC75 /* AFURLResponseSerialization.m in Sources */,
				76A5946D1B7DC1020066EC75 /* AFURLRequestSerialization.m in Sources */,
				765B61671B7B7C7D006401D9 /* STPBankAccount.m in Sources */,
				5BF812B919E44EC600E87F83 /* main.m in Sources */,
				765B616A1B7B7C7D006401D9 /* STPToken.m in Sources */,
				765B616B1B7B7C7D006401D9 /* StripeError.m in Sources */,
				765B615E1B7B7C7D006401D9 /* STPCheckoutOptions.m in Sources */,
				765B61621B7B7C7D006401D9 /* STPOSXCheckoutWebViewAdapter.m in Sources */,
			);
			runOnlyForDeploymentPostprocessing = 0;
		};
		5BF812C819E44EC600E87F83 /* Sources */ = {
			isa = PBXSourcesBuildPhase;
			buildActionMask = 2147483647;
			files = (
				5BF812D319E44EC600E87F83 /* PayDemoTests.m in Sources */,
			);
			runOnlyForDeploymentPostprocessing = 0;
		};
/* End PBXSourcesBuildPhase section */

/* Begin PBXTargetDependency section */
		5BF812CE19E44EC600E87F83 /* PBXTargetDependency */ = {
			isa = PBXTargetDependency;
			target = 5BF812B219E44EC600E87F83 /* PayDemo */;
			targetProxy = 5BF812CD19E44EC600E87F83 /* PBXContainerItemProxy */;
		};
/* End PBXTargetDependency section */

/* Begin PBXVariantGroup section */
		5BF812C019E44EC600E87F83 /* Main.storyboard */ = {
			isa = PBXVariantGroup;
			children = (
				5BF812C119E44EC600E87F83 /* Base */,
			);
			name = Main.storyboard;
			sourceTree = "<group>";
		};
/* End PBXVariantGroup section */

/* Begin XCBuildConfiguration section */
		5BF812D419E44EC600E87F83 /* Debug */ = {
			isa = XCBuildConfiguration;
			buildSettings = {
				ALWAYS_SEARCH_USER_PATHS = NO;
				CLANG_CXX_LANGUAGE_STANDARD = "gnu++0x";
				CLANG_CXX_LIBRARY = "libc++";
				CLANG_ENABLE_MODULES = YES;
				CLANG_ENABLE_OBJC_ARC = YES;
				CLANG_WARN_BOOL_CONVERSION = YES;
				CLANG_WARN_CONSTANT_CONVERSION = YES;
				CLANG_WARN_DIRECT_OBJC_ISA_USAGE = YES_ERROR;
				CLANG_WARN_EMPTY_BODY = YES;
				CLANG_WARN_ENUM_CONVERSION = YES;
				CLANG_WARN_INT_CONVERSION = YES;
				CLANG_WARN_OBJC_ROOT_CLASS = YES_ERROR;
				CLANG_WARN_UNREACHABLE_CODE = YES;
				CLANG_WARN__DUPLICATE_METHOD_MATCH = YES;
				CODE_SIGN_IDENTITY = "iPhone Distribution: Anmol Rajdev (8KCEW5V754)";
				"CODE_SIGN_IDENTITY[sdk=iphoneos*]" = "iPhone Distribution: Anmol Rajdev (8KCEW5V754)";
				COPY_PHASE_STRIP = NO;
				ENABLE_STRICT_OBJC_MSGSEND = YES;
				GCC_C_LANGUAGE_STANDARD = gnu99;
				GCC_DYNAMIC_NO_PIC = NO;
				GCC_OPTIMIZATION_LEVEL = 0;
				GCC_PREPROCESSOR_DEFINITIONS = (
					"DEBUG=1",
					"$(inherited)",
				);
				GCC_SYMBOLS_PRIVATE_EXTERN = NO;
				GCC_WARN_64_TO_32_BIT_CONVERSION = YES;
				GCC_WARN_ABOUT_RETURN_TYPE = YES_ERROR;
				GCC_WARN_UNDECLARED_SELECTOR = YES;
				GCC_WARN_UNINITIALIZED_AUTOS = YES_AGGRESSIVE;
				GCC_WARN_UNUSED_FUNCTION = YES;
				GCC_WARN_UNUSED_VARIABLE = YES;
				IPHONEOS_DEPLOYMENT_TARGET = 8.0;
				MTL_ENABLE_DEBUG_INFO = YES;
				ONLY_ACTIVE_ARCH = YES;
				PROVISIONING_PROFILE = "277bb86c-ee9d-433b-9bae-7acba0f91772";
				SDKROOT = iphoneos;
			};
			name = Debug;
		};
		5BF812D519E44EC600E87F83 /* Release */ = {
			isa = XCBuildConfiguration;
			buildSettings = {
				ALWAYS_SEARCH_USER_PATHS = NO;
				CLANG_CXX_LANGUAGE_STANDARD = "gnu++0x";
				CLANG_CXX_LIBRARY = "libc++";
				CLANG_ENABLE_MODULES = YES;
				CLANG_ENABLE_OBJC_ARC = YES;
				CLANG_WARN_BOOL_CONVERSION = YES;
				CLANG_WARN_CONSTANT_CONVERSION = YES;
				CLANG_WARN_DIRECT_OBJC_ISA_USAGE = YES_ERROR;
				CLANG_WARN_EMPTY_BODY = YES;
				CLANG_WARN_ENUM_CONVERSION = YES;
				CLANG_WARN_INT_CONVERSION = YES;
				CLANG_WARN_OBJC_ROOT_CLASS = YES_ERROR;
				CLANG_WARN_UNREACHABLE_CODE = YES;
				CLANG_WARN__DUPLICATE_METHOD_MATCH = YES;
				CODE_SIGN_IDENTITY = "iPhone Distribution: Anmol Rajdev (8KCEW5V754)";
				"CODE_SIGN_IDENTITY[sdk=iphoneos*]" = "iPhone Distribution: Anmol Rajdev (8KCEW5V754)";
				COPY_PHASE_STRIP = YES;
				ENABLE_NS_ASSERTIONS = NO;
				ENABLE_STRICT_OBJC_MSGSEND = YES;
				GCC_C_LANGUAGE_STANDARD = gnu99;
				GCC_WARN_64_TO_32_BIT_CONVERSION = YES;
				GCC_WARN_ABOUT_RETURN_TYPE = YES_ERROR;
				GCC_WARN_UNDECLARED_SELECTOR = YES;
				GCC_WARN_UNINITIALIZED_AUTOS = YES_AGGRESSIVE;
				GCC_WARN_UNUSED_FUNCTION = YES;
				GCC_WARN_UNUSED_VARIABLE = YES;
				IPHONEOS_DEPLOYMENT_TARGET = 8.0;
				MTL_ENABLE_DEBUG_INFO = NO;
				PROVISIONING_PROFILE = "277bb86c-ee9d-433b-9bae-7acba0f91772";
				SDKROOT = iphoneos;
				VALIDATE_PRODUCT = YES;
			};
			name = Release;
		};
		5BF812D719E44EC600E87F83 /* Debug */ = {
			isa = XCBuildConfiguration;
			buildSettings = {
				ASSETCATALOG_COMPILER_APPICON_NAME = AppIcon;
				ASSETCATALOG_COMPILER_LAUNCHIMAGE_NAME = "LaunchImage-2";
				CODE_SIGN_ENTITLEMENTS = PayDemo/ZoneTickets.entitlements;
				CODE_SIGN_IDENTITY = "iPhone Distribution: Anmol Rajdev (8KCEW5V754)";
				"CODE_SIGN_IDENTITY[sdk=iphoneos*]" = "iPhone Distribution: Anmol Rajdev (8KCEW5V754)";
				INFOPLIST_FILE = PayDemo/Info.plist;
				IPHONEOS_DEPLOYMENT_TARGET = 8.1;
				LD_RUNPATH_SEARCH_PATHS = "$(inherited) @executable_path/Frameworks";
				PRODUCT_NAME = ZoneTickets;
				PROVISIONING_PROFILE = "277bb86c-ee9d-433b-9bae-7acba0f91772";
			};
			name = Debug;
		};
		5BF812D819E44EC600E87F83 /* Release */ = {
			isa = XCBuildConfiguration;
			buildSettings = {
				ASSETCATALOG_COMPILER_APPICON_NAME = AppIcon;
				ASSETCATALOG_COMPILER_LAUNCHIMAGE_NAME = "LaunchImage-2";
				CODE_SIGN_ENTITLEMENTS = PayDemo/ZoneTickets.entitlements;
				CODE_SIGN_IDENTITY = "iPhone Distribution: Anmol Rajdev (8KCEW5V754)";
				"CODE_SIGN_IDENTITY[sdk=iphoneos*]" = "iPhone Distribution: Anmol Rajdev (8KCEW5V754)";
				INFOPLIST_FILE = PayDemo/Info.plist;
				IPHONEOS_DEPLOYMENT_TARGET = 8.1;
				LD_RUNPATH_SEARCH_PATHS = "$(inherited) @executable_path/Frameworks";
				PRODUCT_NAME = ZoneTickets;
				PROVISIONING_PROFILE = "277bb86c-ee9d-433b-9bae-7acba0f91772";
			};
			name = Release;
		};
		5BF812DA19E44EC600E87F83 /* Debug */ = {
			isa = XCBuildConfiguration;
			buildSettings = {
				BUNDLE_LOADER = "$(TEST_HOST)";
				"CODE_SIGN_IDENTITY[sdk=iphoneos*]" = "iPhone Developer: Anmol Rajdev (74NP2BC5ZV)";
				FRAMEWORK_SEARCH_PATHS = (
					"$(SDKROOT)/Developer/Library/Frameworks",
					"$(inherited)",
				);
				GCC_PREPROCESSOR_DEFINITIONS = (
					"DEBUG=1",
					"$(inherited)",
				);
				INFOPLIST_FILE = PayDemoTests/Info.plist;
				LD_RUNPATH_SEARCH_PATHS = "$(inherited) @executable_path/Frameworks @loader_path/Frameworks";
				PRODUCT_NAME = "$(TARGET_NAME)";
				TEST_HOST = "$(BUILT_PRODUCTS_DIR)/ZoneTickets.app/ZoneTickets";
			};
			name = Debug;
		};
		5BF812DB19E44EC600E87F83 /* Release */ = {
			isa = XCBuildConfiguration;
			buildSettings = {
				BUNDLE_LOADER = "$(TEST_HOST)";
				FRAMEWORK_SEARCH_PATHS = (
					"$(SDKROOT)/Developer/Library/Frameworks",
					"$(inherited)",
				);
				INFOPLIST_FILE = PayDemoTests/Info.plist;
				LD_RUNPATH_SEARCH_PATHS = "$(inherited) @executable_path/Frameworks @loader_path/Frameworks";
				PRODUCT_NAME = "$(TARGET_NAME)";
				TEST_HOST = "$(BUILT_PRODUCTS_DIR)/ZoneTickets.app/ZoneTickets";
			};
			name = Release;
		};
/* End XCBuildConfiguration section */

/* Begin XCConfigurationList section */
		5BF812AE19E44EC600E87F83 /* Build configuration list for PBXProject "PayDemo" */ = {
			isa = XCConfigurationList;
			buildConfigurations = (
				5BF812D419E44EC600E87F83 /* Debug */,
				5BF812D519E44EC600E87F83 /* Release */,
			);
			defaultConfigurationIsVisible = 0;
			defaultConfigurationName = Release;
		};
		5BF812D619E44EC600E87F83 /* Build configuration list for PBXNativeTarget "PayDemo" */ = {
			isa = XCConfigurationList;
			buildConfigurations = (
				5BF812D719E44EC600E87F83 /* Debug */,
				5BF812D819E44EC600E87F83 /* Release */,
			);
			defaultConfigurationIsVisible = 0;
			defaultConfigurationName = Release;
		};
		5BF812D919E44EC600E87F83 /* Build configuration list for PBXNativeTarget "PayDemoTests" */ = {
			isa = XCConfigurationList;
			buildConfigurations = (
				5BF812DA19E44EC600E87F83 /* Debug */,
				5BF812DB19E44EC600E87F83 /* Release */,
			);
			defaultConfigurationIsVisible = 0;
			defaultConfigurationName = Release;
		};
/* End XCConfigurationList section */
	};
	rootObject = 5BF812AB19E44EC600E87F83 /* Project object */;
}
